// !$*UTF8*$!
{
	archiveVersion = 1;
	classes = {
	};
	objectVersion = 46;
	objects = {

/* Begin PBXBuildFile section */
		617E442519AA738800210477 /* Foundation.framework in Frameworks */ = {isa = PBXBuildFile; fileRef = 617E442419AA738800210477 /* Foundation.framework */; };
		617E442719AA738800210477 /* CoreGraphics.framework in Frameworks */ = {isa = PBXBuildFile; fileRef = 617E442619AA738800210477 /* CoreGraphics.framework */; };
		617E442919AA738800210477 /* UIKit.framework in Frameworks */ = {isa = PBXBuildFile; fileRef = 617E442819AA738800210477 /* UIKit.framework */; };
		617E442F19AA738800210477 /* InfoPlist.strings in Resources */ = {isa = PBXBuildFile; fileRef = 617E442D19AA738800210477 /* InfoPlist.strings */; };
		617E443119AA738800210477 /* main.m in Sources */ = {isa = PBXBuildFile; fileRef = 617E443019AA738800210477 /* main.m */; };
		617E443519AA738800210477 /* ASAppDelegate.m in Sources */ = {isa = PBXBuildFile; fileRef = 617E443419AA738800210477 /* ASAppDelegate.m */; };
		617E443819AA738800210477 /* Main.storyboard in Resources */ = {isa = PBXBuildFile; fileRef = 617E443619AA738800210477 /* Main.storyboard */; };
		617E443B19AA738800210477 /* ASViewController.m in Sources */ = {isa = PBXBuildFile; fileRef = 617E443A19AA738800210477 /* ASViewController.m */; };
		617E443D19AA738800210477 /* Images.xcassets in Resources */ = {isa = PBXBuildFile; fileRef = 617E443C19AA738800210477 /* Images.xcassets */; };
		617E444419AA738800210477 /* XCTest.framework in Frameworks */ = {isa = PBXBuildFile; fileRef = 617E444319AA738800210477 /* XCTest.framework */; };
		617E444519AA738800210477 /* Foundation.framework in Frameworks */ = {isa = PBXBuildFile; fileRef = 617E442419AA738800210477 /* Foundation.framework */; };
		617E444619AA738800210477 /* UIKit.framework in Frameworks */ = {isa = PBXBuildFile; fileRef = 617E442819AA738800210477 /* UIKit.framework */; };
		617E444E19AA738800210477 /* InfoPlist.strings in Resources */ = {isa = PBXBuildFile; fileRef = 617E444C19AA738800210477 /* InfoPlist.strings */; };
		617E445019AA738800210477 /* StringPracticeTests.m in Sources */ = {isa = PBXBuildFile; fileRef = 617E444F19AA738800210477 /* StringPracticeTests.m */; };
/* End PBXBuildFile section */

/* Begin PBXContainerItemProxy section */
		617E444719AA738800210477 /* PBXContainerItemProxy */ = {
			isa = PBXContainerItemProxy;
			containerPortal = 617E441919AA738800210477 /* Project object */;
			proxyType = 1;
			remoteGlobalIDString = 617E442019AA738800210477;
			remoteInfo = StringPractice;
		};
/* End PBXContainerItemProxy section */

/* Begin PBXFileReference section */
		617E442119AA738800210477 /* StringPractice.app */ = {isa = PBXFileReference; explicitFileType = wrapper.application; includeInIndex = 0; path = StringPractice.app; sourceTree = BUILT_PRODUCTS_DIR; };
		617E442419AA738800210477 /* Foundation.framework */ = {isa = PBXFileReference; lastKnownFileType = wrapper.framework; name = Foundation.framework; path = System/Library/Frameworks/Foundation.framework; sourceTree = SDKROOT; };
		617E442619AA738800210477 /* CoreGraphics.framework */ = {isa = PBXFileReference; lastKnownFileType = wrapper.framework; name = CoreGraphics.framework; path = System/Library/Frameworks/CoreGraphics.framework; sourceTree = SDKROOT; };
		617E442819AA738800210477 /* UIKit.framework */ = {isa = PBXFileReference; lastKnownFileType = wrapper.framework; name = UIKit.framework; path = System/Library/Frameworks/UIKit.framework; sourceTree = SDKROOT; };
		617E442C19AA738800210477 /* StringPractice-Info.plist */ = {isa = PBXFileReference; lastKnownFileType = text.plist.xml; path = "StringPractice-Info.plist"; sourceTree = "<group>"; };
		617E442E19AA738800210477 /* en */ = {isa = PBXFileReference; lastKnownFileType = text.plist.strings; name = en; path = en.lproj/InfoPlist.strings; sourceTree = "<group>"; };
		617E443019AA738800210477 /* main.m */ = {isa = PBXFileReference; lastKnownFileType = sourcecode.c.objc; path = main.m; sourceTree = "<group>"; };
		617E443219AA738800210477 /* StringPractice-Prefix.pch */ = {isa = PBXFileReference; lastKnownFileType = sourcecode.c.h; path = "StringPractice-Prefix.pch"; sourceTree = "<group>"; };
		617E443319AA738800210477 /* ASAppDelegate.h */ = {isa = PBXFileReference; lastKnownFileType = sourcecode.c.h; path = ASAppDelegate.h; sourceTree = "<group>"; };
		617E443419AA738800210477 /* ASAppDelegate.m */ = {isa = PBXFileReference; lastKnownFileType = sourcecode.c.objc; path = ASAppDelegate.m; sourceTree = "<group>"; };
		617E443719AA738800210477 /* Base */ = {isa = PBXFileReference; lastKnownFileType = file.storyboard; name = Base; path = Base.lproj/Main.storyboard; sourceTree = "<group>"; };
		617E443919AA738800210477 /* ASViewController.h */ = {isa = PBXFileReference; lastKnownFileType = sourcecode.c.h; path = ASViewController.h; sourceTree = "<group>"; };
		617E443A19AA738800210477 /* ASViewController.m */ = {isa = PBXFileReference; lastKnownFileType = sourcecode.c.objc; path = ASViewController.m; sourceTree = "<group>"; };
		617E443C19AA738800210477 /* Images.xcassets */ = {isa = PBXFileReference; lastKnownFileType = folder.assetcatalog; path = Images.xcassets; sourceTree = "<group>"; };
		617E444219AA738800210477 /* StringPracticeTests.xctest */ = {isa = PBXFileReference; explicitFileType = wrapper.cfbundle; includeInIndex = 0; path = StringPracticeTests.xctest; sourceTree = BUILT_PRODUCTS_DIR; };
		617E444319AA738800210477 /* XCTest.framework */ = {isa = PBXFileReference; lastKnownFileType = wrapper.framework; name = XCTest.framework; path = Library/Frameworks/XCTest.framework; sourceTree = DEVELOPER_DIR; };
		617E444B19AA738800210477 /* StringPracticeTests-Info.plist */ = {isa = PBXFileReference; lastKnownFileType = text.plist.xml; path = "StringPracticeTests-Info.plist"; sourceTree = "<group>"; };
		617E444D19AA738800210477 /* en */ = {isa = PBXFileReference; lastKnownFileType = text.plist.strings; name = en; path = en.lproj/InfoPlist.strings; sourceTree = "<group>"; };
		617E444F19AA738800210477 /* StringPracticeTests.m */ = {isa = PBXFileReference; lastKnownFileType = sourcecode.c.objc; path = StringPracticeTests.m; sourceTree = "<group>"; };
/* End PBXFileReference section */

/* Begin PBXFrameworksBuildPhase section */
		617E441E19AA738800210477 /* Frameworks */ = {
			isa = PBXFrameworksBuildPhase;
			buildActionMask = 2147483647;
			files = (
				617E442719AA738800210477 /* CoreGraphics.framework in Frameworks */,
				617E442919AA738800210477 /* UIKit.framework in Frameworks */,
				617E442519AA738800210477 /* Foundation.framework in Frameworks */,
			);
			runOnlyForDeploymentPostprocessing = 0;
		};
		617E443F19AA738800210477 /* Frameworks */ = {
			isa = PBXFrameworksBuildPhase;
			buildActionMask = 2147483647;
			files = (
				617E444419AA738800210477 /* XCTest.framework in Frameworks */,
				617E444619AA738800210477 /* UIKit.framework in Frameworks */,
				617E444519AA738800210477 /* Foundation.framework in Frameworks */,
			);
			runOnlyForDeploymentPostprocessing = 0;
		};
/* End PBXFrameworksBuildPhase section */

/* Begin PBXGroup section */
		617E441819AA738800210477 = {
			isa = PBXGroup;
			children = (
				617E442A19AA738800210477 /* StringPractice */,
				617E444919AA738800210477 /* StringPracticeTests */,
				617E442319AA738800210477 /* Frameworks */,
				617E442219AA738800210477 /* Products */,
			);
			sourceTree = "<group>";
		};
		617E442219AA738800210477 /* Products */ = {
			isa = PBXGroup;
			children = (
				617E442119AA738800210477 /* StringPractice.app */,
				617E444219AA738800210477 /* StringPracticeTests.xctest */,
			);
			name = Products;
			sourceTree = "<group>";
		};
		617E442319AA738800210477 /* Frameworks */ = {
			isa = PBXGroup;
			children = (
				617E442419AA738800210477 /* Foundation.framework */,
				617E442619AA738800210477 /* CoreGraphics.framework */,
				617E442819AA738800210477 /* UIKit.framework */,
				617E444319AA738800210477 /* XCTest.framework */,
			);
			name = Frameworks;
			sourceTree = "<group>";
		};
		617E442A19AA738800210477 /* StringPractice */ = {
			isa = PBXGroup;
			children = (
				617E443319AA738800210477 /* ASAppDelegate.h */,
				617E443419AA738800210477 /* ASAppDelegate.m */,
				617E443619AA738800210477 /* Main.storyboard */,
				617E443919AA738800210477 /* ASViewController.h */,
				617E443A19AA738800210477 /* ASViewController.m */,
				617E443C19AA738800210477 /* Images.xcassets */,
				617E442B19AA738800210477 /* Supporting Files */,
			);
			path = StringPractice;
			sourceTree = "<group>";
		};
		617E442B19AA738800210477 /* Supporting Files */ = {
			isa = PBXGroup;
			children = (
				617E442C19AA738800210477 /* StringPractice-Info.plist */,
				617E442D19AA738800210477 /* InfoPlist.strings */,
				617E443019AA738800210477 /* main.m */,
				617E443219AA738800210477 /* StringPractice-Prefix.pch */,
			);
			name = "Supporting Files";
			sourceTree = "<group>";
		};
		617E444919AA738800210477 /* StringPracticeTests */ = {
			isa = PBXGroup;
			children = (
				617E444F19AA738800210477 /* StringPracticeTests.m */,
				617E444A19AA738800210477 /* Supporting Files */,
			);
			path = StringPracticeTests;
			sourceTree = "<group>";
		};
		617E444A19AA738800210477 /* Supporting Files */ = {
			isa = PBXGroup;
			children = (
				617E444B19AA738800210477 /* StringPracticeTests-Info.plist */,
				617E444C19AA738800210477 /* InfoPlist.strings */,
			);
			name = "Supporting Files";
			sourceTree = "<group>";
		};
/* End PBXGroup section */

/* Begin PBXNativeTarget section */
		617E442019AA738800210477 /* StringPractice */ = {
			isa = PBXNativeTarget;
			buildConfigurationList = 617E445319AA738800210477 /* Build configuration list for PBXNativeTarget "StringPractice" */;
			buildPhases = (
				617E441D19AA738800210477 /* Sources */,
				617E441E19AA738800210477 /* Frameworks */,
				617E441F19AA738800210477 /* Resources */,
			);
			buildRules = (
			);
			dependencies = (
			);
			name = StringPractice;
			productName = StringPractice;
			productReference = 617E442119AA738800210477 /* StringPractice.app */;
			productType = "com.apple.product-type.application";
		};
		617E444119AA738800210477 /* StringPracticeTests */ = {
			isa = PBXNativeTarget;
			buildConfigurationList = 617E445619AA738800210477 /* Build configuration list for PBXNativeTarget "StringPracticeTests" */;
			buildPhases = (
				617E443E19AA738800210477 /* Sources */,
				617E443F19AA738800210477 /* Frameworks */,
				617E444019AA738800210477 /* Resources */,
			);
			buildRules = (
			);
			dependencies = (
				617E444819AA738800210477 /* PBXTargetDependency */,
			);
			name = StringPracticeTests;
			productName = StringPracticeTests;
			productReference = 617E444219AA738800210477 /* StringPracticeTests.xctest */;
			productType = "com.apple.product-type.bundle.unit-test";
		};
/* End PBXNativeTarget section */

/* Begin PBXProject section */
		617E441919AA738800210477 /* Project object */ = {
			isa = PBXProject;
			attributes = {
				CLASSPREFIX = AS;
				LastUpgradeCheck = 0510;
				ORGANIZATIONNAME = Anirudh;
				TargetAttributes = {
					617E444119AA738800210477 = {
						TestTargetID = 617E442019AA738800210477;
					};
				};
			};
			buildConfigurationList = 617E441C19AA738800210477 /* Build configuration list for PBXProject "StringPractice" */;
			compatibilityVersion = "Xcode 3.2";
			developmentRegion = English;
			hasScannedForEncodings = 0;
			knownRegions = (
				en,
				Base,
			);
			mainGroup = 617E441819AA738800210477;
			productRefGroup = 617E442219AA738800210477 /* Products */;
			projectDirPath = "";
			projectRoot = "";
			targets = (
				617E442019AA738800210477 /* StringPractice */,
				617E444119AA738800210477 /* StringPracticeTests */,
			);
		};
/* End PBXProject section */

/* Begin PBXResourcesBuildPhase section */
		617E441F19AA738800210477 /* Resources */ = {
			isa = PBXResourcesBuildPhase;
			buildActionMask = 2147483647;
			files = (
				617E443D19AA738800210477 /* Images.xcassets in Resources */,
				617E442F19AA738800210477 /* InfoPlist.strings in Resources */,
				617E443819AA738800210477 /* Main.storyboard in Resources */,
			);
			runOnlyForDeploymentPostprocessing = 0;
		};
		617E444019AA738800210477 /* Resources */ = {
			isa = PBXResourcesBuildPhase;
			buildActionMask = 2147483647;
			files = (
				617E444E19AA738800210477 /* InfoPlist.strings in Resources */,
			);
			runOnlyForDeploymentPostprocessing = 0;
		};
/* End PBXResourcesBuildPhase section */

/* Begin PBXSourcesBuildPhase section */
		617E441D19AA738800210477 /* Sources */ = {
			isa = PBXSourcesBuildPhase;
			buildActionMask = 2147483647;
			files = (
				617E443519AA738800210477 /* ASAppDelegate.m in Sources */,
				617E443B19AA738800210477 /* ASViewController.m in Sources */,
				617E443119AA738800210477 /* main.m in Sources */,
			);
			runOnlyForDeploymentPostprocessing = 0;
		};
		617E443E19AA738800210477 /* Sources */ = {
			isa = PBXSourcesBuildPhase;
			buildActionMask = 2147483647;
			files = (
				617E445019AA738800210477 /* StringPracticeTests.m in Sources */,
			);
			runOnlyForDeploymentPostprocessing = 0;
		};
/* End PBXSourcesBuildPhase section */

/* Begin PBXTargetDependency section */
		617E444819AA738800210477 /* PBXTargetDependency */ = {
			isa = PBXTargetDependency;
			target = 617E442019AA738800210477 /* StringPractice */;
			targetProxy = 617E444719AA738800210477 /* PBXContainerItemProxy */;
		};
/* End PBXTargetDependency section */

/* Begin PBXVariantGroup section */
		617E442D19AA738800210477 /* InfoPlist.strings */ = {
			isa = PBXVariantGroup;
			children = (
				617E442E19AA738800210477 /* en */,
			);
			name = InfoPlist.strings;
			sourceTree = "<group>";
		};
		617E443619AA738800210477 /* Main.storyboard */ = {
			isa = PBXVariantGroup;
			children = (
				617E443719AA738800210477 /* Base */,
			);
			name = Main.storyboard;
			sourceTree = "<group>";
		};
		617E444C19AA738800210477 /* InfoPlist.strings */ = {
			isa = PBXVariantGroup;
			children = (
				617E444D19AA738800210477 /* en */,
			);
			name = InfoPlist.strings;
			sourceTree = "<group>";
		};
/* End PBXVariantGroup section */

/* Begin XCBuildConfiguration section */
		617E445119AA738800210477 /* Debug */ = {
			isa = XCBuildConfiguration;
			buildSettings = {
				ALWAYS_SEARCH_USER_PATHS = NO;
				CLANG_CXX_LANGUAGE_STANDARD = "gnu++0x";
				CLANG_CXX_LIBRARY = "libc++";
				CLANG_ENABLE_MODULES = YES;
				CLANG_ENABLE_OBJC_ARC = YES;
				CLANG_WARN_BOOL_CONVERSION = YES;
				CLANG_WARN_CONSTANT_CONVERSION = YES;
				CLANG_WARN_DIRECT_OBJC_ISA_USAGE = YES_ERROR;
				CLANG_WARN_EMPTY_BODY = YES;
				CLANG_WARN_ENUM_CONVERSION = YES;
				CLANG_WARN_INT_CONVERSION = YES;
				CLANG_WARN_OBJC_ROOT_CLASS = YES_ERROR;
				CLANG_WARN__DUPLICATE_METHOD_MATCH = YES;
				"CODE_SIGN_IDENTITY[sdk=iphoneos*]" = "iPhone Developer";
				COPY_PHASE_STRIP = NO;
				GCC_C_LANGUAGE_STANDARD = gnu99;
				GCC_DYNAMIC_NO_PIC = NO;
				GCC_OPTIMIZATION_LEVEL = 0;
				GCC_PREPROCESSOR_DEFINITIONS = (
					"DEBUG=1",
					"$(inherited)",
				);
				GCC_SYMBOLS_PRIVATE_EXTERN = NO;
				GCC_WARN_64_TO_32_BIT_CONVERSION = YES;
				GCC_WARN_ABOUT_RETURN_TYPE = YES_ERROR;
				GCC_WARN_UNDECLARED_SELECTOR = YES;
				GCC_WARN_UNINITIALIZED_AUTOS = YES_AGGRESSIVE;
				GCC_WARN_UNUSED_FUNCTION = YES;
				GCC_WARN_UNUSED_VARIABLE = YES;
				IPHONEOS_DEPLOYMENT_TARGET = 7.1;
				ONLY_ACTIVE_ARCH = YES;
				SDKROOT = iphoneos;
			};
			name = Debug;
		};
		617E445219AA738800210477 /* Release */ = {
			isa = XCBuildConfiguration;
			buildSettings = {
				ALWAYS_SEARCH_USER_PATHS = NO;
				CLANG_CXX_LANGUAGE_STANDARD = "gnu++0x";
				CLANG_CXX_LIBRARY = "libc++";
				CLANG_ENABLE_MODULES = YES;
				CLANG_ENABLE_OBJC_ARC = YES;
				CLANG_WARN_BOOL_CONVERSION = YES;
				CLANG_WARN_CONSTANT_CONVERSION = YES;
				CLANG_WARN_DIRECT_OBJC_ISA_USAGE = YES_ERROR;
				CLANG_WARN_EMPTY_BODY = YES;
				CLANG_WARN_ENUM_CONVERSION = YES;
				CLANG_WARN_INT_CONVERSION = YES;
				CLANG_WARN_OBJC_ROOT_CLASS = YES_ERROR;
				CLANG_WARN__DUPLICATE_METHOD_MATCH = YES;
				"CODE_SIGN_IDENTITY[sdk=iphoneos*]" = "iPhone Developer";
				COPY_PHASE_STRIP = YES;
				ENABLE_NS_ASSERTIONS = NO;
				GCC_C_LANGUAGE_STANDARD = gnu99;
				GCC_WARN_64_TO_32_BIT_CONVERSION = YES;
				GCC_WARN_ABOUT_RETURN_TYPE = YES_ERROR;
				GCC_WARN_UNDECLARED_SELECTOR = YES;
				GCC_WARN_UNINITIALIZED_AUTOS = YES_AGGRESSIVE;
				GCC_WARN_UNUSED_FUNCTION = YES;
				GCC_WARN_UNUSED_VARIABLE = YES;
				IPHONEOS_DEPLOYMENT_TARGET = 7.1;
				SDKROOT = iphoneos;
				VALIDATE_PRODUCT = YES;
			};
			name = Release;
		};
		617E445419AA738800210477 /* Debug */ = {
			isa = XCBuildConfiguration;
			buildSettings = {
				ASSETCATALOG_COMPILER_APPICON_NAME = AppIcon;
				ASSETCATALOG_COMPILER_LAUNCHIMAGE_NAME = LaunchImage;
				GCC_PRECOMPILE_PREFIX_HEADER = YES;
				GCC_PREFIX_HEADER = "StringPractice/StringPractice-Prefix.pch";
				INFOPLIST_FILE = "StringPractice/StringPractice-Info.plist";
				PRODUCT_NAME = "$(TARGET_NAME)";
				WRAPPER_EXTENSION = app;
			};
			name = Debug;
		};
		617E445519AA738800210477 /* Release */ = {
			isa = XCBuildConfiguration;
			buildSettings = {
				ASSETCATALOG_COMPILER_APPICON_NAME = AppIcon;
				ASSETCATALOG_COMPILER_LAUNCHIMAGE_NAME = LaunchImage;
				GCC_PRECOMPILE_PREFIX_HEADER = YES;
				GCC_PREFIX_HEADER = "StringPractice/StringPractice-Prefix.pch";
				INFOPLIST_FILE = "StringPractice/StringPractice-Info.plist";
				PRODUCT_NAME = "$(TARGET_NAME)";
				WRAPPER_EXTENSION = app;
			};
			name = Release;
		};
		617E445719AA738800210477 /* Debug */ = {
			isa = XCBuildConfiguration;
			buildSettings = {
				BUNDLE_LOADER = "$(BUILT_PRODUCTS_DIR)/StringPractice.app/StringPractice";
				FRAMEWORK_SEARCH_PATHS = (
					"$(SDKROOT)/Developer/Library/Frameworks",
					"$(inherited)",
					"$(DEVELOPER_FRAMEWORKS_DIR)",
				);
				GCC_PRECOMPILE_PREFIX_HEADER = YES;
				GCC_PREFIX_HEADER = "StringPractice/StringPractice-Prefix.pch";
				GCC_PREPROCESSOR_DEFINITIONS = (
					"DEBUG=1",
					"$(inherited)",
				);
				INFOPLIST_FILE = "StringPracticeTests/StringPracticeTests-Info.plist";
				PRODUCT_NAME = "$(TARGET_NAME)";
				TEST_HOST = "$(BUNDLE_LOADER)";
				WRAPPER_EXTENSION = xctest;
			};
			name = Debug;
		};
		617E445819AA738800210477 /* Release */ = {
			isa = XCBuildConfiguration;
			buildSettings = {
				BUNDLE_LOADER = "$(BUILT_PRODUCTS_DIR)/StringPractice.app/StringPractice";
				FRAMEWORK_SEARCH_PATHS = (
					"$(SDKROOT)/Developer/Library/Frameworks",
					"$(inherited)",
					"$(DEVELOPER_FRAMEWORKS_DIR)",
				);
				GCC_PRECOMPILE_PREFIX_HEADER = YES;
				GCC_PREFIX_HEADER = "StringPractice/StringPractice-Prefix.pch";
				INFOPLIST_FILE = "StringPracticeTests/StringPracticeTests-Info.plist";
				PRODUCT_NAME = "$(TARGET_NAME)";
				TEST_HOST = "$(BUNDLE_LOADER)";
				WRAPPER_EXTENSION = xctest;
			};
			name = Release;
		};
/* End XCBuildConfiguration section */

/* Begin XCConfigurationList section */
		617E441C19AA738800210477 /* Build configuration list for PBXProject "StringPractice" */ = {
			isa = XCConfigurationList;
			buildConfigurations = (
				617E445119AA738800210477 /* Debug */,
				617E445219AA738800210477 /* Release */,
			);
			defaultConfigurationIsVisible = 0;
			defaultConfigurationName = Release;
		};
		617E445319AA738800210477 /* Build configuration list for PBXNativeTarget "StringPractice" */ = {
			isa = XCConfigurationList;
			buildConfigurations = (
				617E445419AA738800210477 /* Debug */,
				617E445519AA738800210477 /* Release */,
			);
			defaultConfigurationIsVisible = 0;
		};
		617E445619AA738800210477 /* Build configuration list for PBXNativeTarget "StringPracticeTests" */ = {
			isa = XCConfigurationList;
			buildConfigurations = (
				617E445719AA738800210477 /* Debug */,
				617E445819AA738800210477 /* Release */,
			);
			defaultConfigurationIsVisible = 0;
		};
/* End XCConfigurationList section */
	};
	rootObject = 617E441919AA738800210477 /* Project object */;
}
